{
    "_meta": {
        "hash": {
            "sha256": "3e740eb01d4cb0bde0721b9f9b3c06c479ff598b298bcdfdafd19098b285fb2f"
        },
        "pipfile-spec": 6,
        "requires": {
            "python_version": "3.12.6"
        },
        "sources": [
            {
                "name": "pypi",
                "url": "https://pypi.org/simple",
                "verify_ssl": true
            }
        ]
    },
    "default": {
        "pymupdf": {
            "hashes": [
                "sha256:20c8eb65b855a33411246d6697a3f3166727fe2d8585753cf0db648730104be6",
                "sha256:24c35ba9e731027ff24566b90d4986e9aac75e1ce47589b25de51e3c687ddb73",
                "sha256:2efb793644df99db0fe2468149048175cf25c5803997828efc9152aca838f5f2",
                "sha256:32fd013e3c844f105c0a6a43ee82acc7cd0c900f6ff14f5eed9492840bbcbdd9",
                "sha256:6e45e57f14ac902029d4aacf07684958d0e58c769f47d9045b2048d0a3d20155",
                "sha256:6fda6c7ed7e6ad74d9cfac5c3837ef42efd58c506440e2513a0a200bc3c4dbc0",
                "sha256:745ce77532702d6ddeeecb47306d3669629aa5ff82708318cd652881f493b0ba",
                "sha256:9b7ac5b8ec3daec17f2e830962ed091610e576a5e531d2fe28c437fbd69b1969"
            ],
            "index": "pypi",
            "markers": "python_version >= '3.8'",
            "version": "==1.24.11"
        }
    },
    "develop": {}
}
